
Microsoft Visual Studio Solution File, Format Version 12.00
# Visual Studio Version 17
VisualStudioVersion = 17.10.34928.147
MinimumVisualStudioVersion = 10.0.40219.1
Project("{2150E333-8FDC-42A3-9474-1A3956D46DE8}") = "Services", "Services", "{49E8AFF8-B561-4354-A540-232441EFDE46}"
EndProject
Project("{2150E333-8FDC-42A3-9474-1A3956D46DE8}") = "Catalog", "Catalog", "{7B6CC4A3-FF12-4C27-BC26-95F760C037DD}"
EndProject
Project("{9A19103F-16F7-4668-BE54-9A1E7A4F7556}") = "Catalog.API", "Services\Catalog\Catalog.API\Catalog.API.csproj", "{4FC1401F-A529-439F-94C4-B33B0BDB05C9}"
EndProject
Project("{2150E333-8FDC-42A3-9474-1A3956D46DE8}") = "BuildingBlocks", "BuildingBlocks", "{7219521C-0E1D-4360-873E-B84DD4464B74}"
EndProject
Project("{9A19103F-16F7-4668-BE54-9A1E7A4F7556}") = "BuildingBlocks", "BuildingBlocks\BuildingBlock\BuildingBlocks.csproj", "{1587F079-2B8B-4795-A2AF-55493165F033}"
EndProject
Project("{E53339B2-1760-4266-BCC7-CA923CBCF16C}") = "docker-compose", "docker-compose.dcproj", "{C9B5885E-9038-4938-8049-B994EE6BAFA2}"
EndProject
Project("{2150E333-8FDC-42A3-9474-1A3956D46DE8}") = "Basket", "Basket", "{C588E4A7-E304-4DB8-91B0-A072B15D361A}"
EndProject
Project("{9A19103F-16F7-4668-BE54-9A1E7A4F7556}") = "Basket.API", "Services\Basket\Basket.API\Basket.API.csproj", "{B2924BE4-5664-4EC8-96B8-069B6A8367FF}"
EndProject
Project("{2150E333-8FDC-42A3-9474-1A3956D46DE8}") = "Discount", "Discount", "{AB7BD8E5-AD06-4F56-B1E4-55C9C552B393}"
EndProject
Project("{9A19103F-16F7-4668-BE54-9A1E7A4F7556}") = "Discount.Grpc", "Services\Discount\Discount.Grpc\Discount.Grpc.csproj", "{F3ECCC5F-4B06-4B5F-A2C9-A29157165C20}"
EndProject
Project("{2150E333-8FDC-42A3-9474-1A3956D46DE8}") = "Ordering", "Ordering", "{61250158-3751-4DEA-9BB3-2B3D81C0D8EB}"
EndProject
Project("{FAE04EC0-301F-11D3-BF4B-00C04F79EFBC}") = "Ordering.API", "Services\Ordering\Ordering.API\Ordering.API.csproj", "{C9E9B248-7FBF-4DA0-88D8-974D0D92149F}"
EndProject
Global
	GlobalSection(SolutionConfigurationPlatforms) = preSolution
		Debug|Any CPU = Debug|Any CPU
		Release|Any CPU = Release|Any CPU
	EndGlobalSection
	GlobalSection(ProjectConfigurationPlatforms) = postSolution
		{4FC1401F-A529-439F-94C4-B33B0BDB05C9}.Debug|Any CPU.ActiveCfg = Debug|Any CPU
		{4FC1401F-A529-439F-94C4-B33B0BDB05C9}.Debug|Any CPU.Build.0 = Debug|Any CPU
		{4FC1401F-A529-439F-94C4-B33B0BDB05C9}.Release|Any CPU.ActiveCfg = Release|Any CPU
		{4FC1401F-A529-439F-94C4-B33B0BDB05C9}.Release|Any CPU.Build.0 = Release|Any CPU
		{1587F079-2B8B-4795-A2AF-55493165F033}.Debug|Any CPU.ActiveCfg = Debug|Any CPU
		{1587F079-2B8B-4795-A2AF-55493165F033}.Debug|Any CPU.Build.0 = Debug|Any CPU
		{1587F079-2B8B-4795-A2AF-55493165F033}.Release|Any CPU.ActiveCfg = Release|Any CPU
		{1587F079-2B8B-4795-A2AF-55493165F033}.Release|Any CPU.Build.0 = Release|Any CPU
		{C9B5885E-9038-4938-8049-B994EE6BAFA2}.Debug|Any CPU.ActiveCfg = Debug|Any CPU
		{C9B5885E-9038-4938-8049-B994EE6BAFA2}.Debug|Any CPU.Build.0 = Debug|Any CPU
		{C9B5885E-9038-4938-8049-B994EE6BAFA2}.Release|Any CPU.ActiveCfg = Release|Any CPU
		{C9B5885E-9038-4938-8049-B994EE6BAFA2}.Release|Any CPU.Build.0 = Release|Any CPU
		{B2924BE4-5664-4EC8-96B8-069B6A8367FF}.Debug|Any CPU.ActiveCfg = Debug|Any CPU
		{B2924BE4-5664-4EC8-96B8-069B6A8367FF}.Debug|Any CPU.Build.0 = Debug|Any CPU
		{B2924BE4-5664-4EC8-96B8-069B6A8367FF}.Release|Any CPU.ActiveCfg = Release|Any CPU
		{B2924BE4-5664-4EC8-96B8-069B6A8367FF}.Release|Any CPU.Build.0 = Release|Any CPU
		{F3ECCC5F-4B06-4B5F-A2C9-A29157165C20}.Debug|Any CPU.ActiveCfg = Debug|Any CPU
		{F3ECCC5F-4B06-4B5F-A2C9-A29157165C20}.Debug|Any CPU.Build.0 = Debug|Any CPU
		{F3ECCC5F-4B06-4B5F-A2C9-A29157165C20}.Release|Any CPU.ActiveCfg = Release|Any CPU
		{F3ECCC5F-4B06-4B5F-A2C9-A29157165C20}.Release|Any CPU.Build.0 = Release|Any CPU
		{C9E9B248-7FBF-4DA0-88D8-974D0D92149F}.Debug|Any CPU.ActiveCfg = Debug|Any CPU
		{C9E9B248-7FBF-4DA0-88D8-974D0D92149F}.Debug|Any CPU.Build.0 = Debug|Any CPU
		{C9E9B248-7FBF-4DA0-88D8-974D0D92149F}.Release|Any CPU.ActiveCfg = Release|Any CPU
		{C9E9B248-7FBF-4DA0-88D8-974D0D92149F}.Release|Any CPU.Build.0 = Release|Any CPU
	EndGlobalSection
	GlobalSection(SolutionProperties) = preSolution
		HideSolutionNode = FALSE
	EndGlobalSection
	GlobalSection(NestedProjects) = preSolution
		{7B6CC4A3-FF12-4C27-BC26-95F760C037DD} = {49E8AFF8-B561-4354-A540-232441EFDE46}
		{4FC1401F-A529-439F-94C4-B33B0BDB05C9} = {7B6CC4A3-FF12-4C27-BC26-95F760C037DD}
		{1587F079-2B8B-4795-A2AF-55493165F033} = {7219521C-0E1D-4360-873E-B84DD4464B74}
		{C588E4A7-E304-4DB8-91B0-A072B15D361A} = {49E8AFF8-B561-4354-A540-232441EFDE46}
		{B2924BE4-5664-4EC8-96B8-069B6A8367FF} = {C588E4A7-E304-4DB8-91B0-A072B15D361A}
		{AB7BD8E5-AD06-4F56-B1E4-55C9C552B393} = {49E8AFF8-B561-4354-A540-232441EFDE46}
		{F3ECCC5F-4B06-4B5F-A2C9-A29157165C20} = {AB7BD8E5-AD06-4F56-B1E4-55C9C552B393}
		{61250158-3751-4DEA-9BB3-2B3D81C0D8EB} = {49E8AFF8-B561-4354-A540-232441EFDE46}
		{C9E9B248-7FBF-4DA0-88D8-974D0D92149F} = {61250158-3751-4DEA-9BB3-2B3D81C0D8EB}
	EndGlobalSection
	GlobalSection(ExtensibilityGlobals) = postSolution
		SolutionGuid = {EBB7F299-6E7A-480D-9A22-100EA79EF076}
	EndGlobalSection
EndGlobal
